
Microsoft Visual Studio Solution File, Format Version 12.00
# Visual Studio 2013
VisualStudioVersion = 12.0.31101.0
MinimumVisualStudioVersion = 10.0.40219.1
Project("{F184B08F-C81C-45F6-A57F-5ABD9991F28F}") = "XMLUpdate", "XMLUpdate\XMLUpdate.vbproj", "{A8335E43-1479-4077-8B58-D7229F583759}"
EndProject
Global
	GlobalSection(SolutionConfigurationPlatforms) = preSolution
		Debug|Any CPU = Debug|Any CPU
		Release|Any CPU = Release|Any CPU
	EndGlobalSection
	GlobalSection(ProjectConfigurationPlatforms) = postSolution
		{A8335E43-1479-4077-8B58-D7229F583759}.Debug|Any CPU.ActiveCfg = Debug|Any CPU
		{A8335E43-1479-4077-8B58-D7229F583759}.Debug|Any CPU.Build.0 = Debug|Any CPU
		{A8335E43-1479-4077-8B58-D7229F583759}.Release|Any CPU.ActiveCfg = Release|Any CPU
		{A8335E43-1479-4077-8B58-D7229F583759}.Release|Any CPU.Build.0 = Release|Any CPU
	EndGlobalSection
	GlobalSection(SolutionProperties) = preSolution
		HideSolutionNode = FALSE
	EndGlobalSection
EndGlobal
