
Microsoft Visual Studio Solution File, Format Version 12.00
# Visual Studio 2012
Project("{F184B08F-C81C-45F6-A57F-5ABD9991F28F}") = "Daily_XML_Update", "Daily_XML_Update\Daily_XML_Update.vbproj", "{CE2F2D41-11FC-4906-85BA-C871DB5706D8}"
EndProject
Global
	GlobalSection(SolutionConfigurationPlatforms) = preSolution
		Debug|Any CPU = Debug|Any CPU
		Release|Any CPU = Release|Any CPU
	EndGlobalSection
	GlobalSection(ProjectConfigurationPlatforms) = postSolution
		{CE2F2D41-11FC-4906-85BA-C871DB5706D8}.Debug|Any CPU.ActiveCfg = Debug|Any CPU
		{CE2F2D41-11FC-4906-85BA-C871DB5706D8}.Debug|Any CPU.Build.0 = Debug|Any CPU
		{CE2F2D41-11FC-4906-85BA-C871DB5706D8}.Release|Any CPU.ActiveCfg = Release|Any CPU
		{CE2F2D41-11FC-4906-85BA-C871DB5706D8}.Release|Any CPU.Build.0 = Release|Any CPU
	EndGlobalSection
	GlobalSection(SolutionProperties) = preSolution
		HideSolutionNode = FALSE
	EndGlobalSection
EndGlobal
